Microsoft Visual Studio Solution File, Format Version 12.00
# Visual Studio Version 17
VisualStudioVersion = 17.5.2.0
MinimumVisualStudioVersion = 10.0.40219.1
Project("{FAE04EC0-301F-11D3-BF4B-00C04F79EFBC}") = "buxa", "buxa.csproj", "{60225D2C-A094-B051-0323-DD7F43818380}"
EndProject
Global
	GlobalSection(SolutionConfigurationPlatforms) = preSolution
		Debug|Any CPU = Debug|Any CPU
		Release|Any CPU = Release|Any CPU
	EndGlobalSection
	GlobalSection(ProjectConfigurationPlatforms) = postSolution
		{60225D2C-A094-B051-0323-DD7F43818380}.Debug|Any CPU.ActiveCfg = Debug|Any CPU
		{60225D2C-A094-B051-0323-DD7F43818380}.Debug|Any CPU.Build.0 = Debug|Any CPU
		{60225D2C-A094-B051-0323-DD7F43818380}.Release|Any CPU.ActiveCfg = Release|Any CPU
		{60225D2C-A094-B051-0323-DD7F43818380}.Release|Any CPU.Build.0 = Release|Any CPU
	EndGlobalSection
	GlobalSection(SolutionProperties) = preSolution
		HideSolutionNode = FALSE
	EndGlobalSection
	GlobalSection(ExtensibilityGlobals) = postSolution
		SolutionGuid = {8EF9E4D9-9BBA-4407-B3C6-FC4470CB9411}
	EndGlobalSection
EndGlobal
